// !$*UTF8*$!
{
	archiveVersion = 1;
	classes = {
	};
	objectVersion = 46;
	objects = {

/* Begin PBXBuildFile section */
		2B35969504C6A02CD7B2D0AF /* libmruby.a in Frameworks */ = {isa = PBXBuildFile; fileRef = 2B35906B88E11BF2F5EED569 /* libmruby.a */; };
		2B3598AC4B0D85C40ECBC192 /* rMRuby.c in Sources */ = {isa = PBXBuildFile; fileRef = 2B359C05981A840F31938B1D /* rMRuby.c */; };
		2B359AEA8FC9F27676E649A7 /* main.c in Sources */ = {isa = PBXBuildFile; fileRef = 2B359C5945698ACF9BFD8755 /* main.c */; };
		2B359C81C3D2AD7DD91E3F79 /* libraylib.a in Frameworks */ = {isa = PBXBuildFile; fileRef = 2B3598C64D76F4108A47EBA2 /* libraylib.a */; };
		997A6E4F2B67476200A79CED /* libglfw3.a in Frameworks */ = {isa = PBXBuildFile; fileRef = 997A6E4E2B67476200A79CED /* libglfw3.a */; };
		997A6E512B6747A300A79CED /* OpenGL.framework in Frameworks */ = {isa = PBXBuildFile; fileRef = 997A6E502B6747A300A79CED /* OpenGL.framework */; };
		997A6E532B6747AB00A79CED /* Cocoa.framework in Frameworks */ = {isa = PBXBuildFile; fileRef = 997A6E522B6747AB00A79CED /* Cocoa.framework */; };
		997A6E552B6747B400A79CED /* IOKit.framework in Frameworks */ = {isa = PBXBuildFile; fileRef = 997A6E542B6747B400A79CED /* IOKit.framework */; };
		997A6E572B6747BB00A79CED /* CoreAudio.framework in Frameworks */ = {isa = PBXBuildFile; fileRef = 997A6E562B6747BB00A79CED /* CoreAudio.framework */; };
		997A6E592B6747C100A79CED /* CoreVideo.framework in Frameworks */ = {isa = PBXBuildFile; fileRef = 997A6E582B6747C100A79CED /* CoreVideo.framework */; };
/* End PBXBuildFile section */

/* Begin PBXCopyFilesBuildPhase section */
		2B359719E35779667FCE6A92 /* CopyFiles */ = {
			isa = PBXCopyFilesBuildPhase;
			buildActionMask = 2147483647;
			dstPath = /usr/share/man/man1/;
			dstSubfolderSpec = 0;
			files = (
			);
			runOnlyForDeploymentPostprocessing = 1;
		};
/* End PBXCopyFilesBuildPhase section */

/* Begin PBXFileReference section */
		2B35906B88E11BF2F5EED569 /* libmruby.a */ = {isa = PBXFileReference; lastKnownFileType = archive.ar; name = libmruby.a; path = "/Users/Kanbaru/GitWorkspace/mruby/build/host-debug/lib/libmruby.a"; sourceTree = "<absolute>"; };
		2B3598C64D76F4108A47EBA2 /* libraylib.a */ = {isa = PBXFileReference; lastKnownFileType = archive.ar; name = libraylib.a; path = /Users/Kanbaru/GitWorkspace/raylib/src/libraylib.a; sourceTree = "<absolute>"; };
		2B359C05981A840F31938B1D /* rMRuby.c */ = {isa = PBXFileReference; fileEncoding = 4; lastKnownFileType = sourcecode.c.c; path = rMRuby.c; sourceTree = "<group>"; };
		2B359C5945698ACF9BFD8755 /* main.c */ = {isa = PBXFileReference; lastKnownFileType = sourcecode.c.c; path = main.c; sourceTree = "<group>"; };
		2B359EB97A70001AB019E592 /* rMRuby.h */ = {isa = PBXFileReference; fileEncoding = 4; lastKnownFileType = sourcecode.c.h; path = rMRuby.h; sourceTree = "<group>"; };
		2B359FB2E731F02EF00DC6CA /* rMRUBY */ = {isa = PBXFileReference; explicitFileType = "compiled.mach-o.executable"; includeInIndex = 0; path = rMRUBY; sourceTree = BUILT_PRODUCTS_DIR; };
		997A6E4E2B67476200A79CED /* libglfw3.a */ = {isa = PBXFileReference; lastKnownFileType = archive.ar; name = libglfw3.a; path = ../../../../raylib/src/external/glfw/build/src/libglfw3.a; sourceTree = "<group>"; };
		997A6E502B6747A300A79CED /* OpenGL.framework */ = {isa = PBXFileReference; lastKnownFileType = wrapper.framework; name = OpenGL.framework; path = System/Library/Frameworks/OpenGL.framework; sourceTree = SDKROOT; };
		997A6E522B6747AB00A79CED /* Cocoa.framework */ = {isa = PBXFileReference; lastKnownFileType = wrapper.framework; name = Cocoa.framework; path = System/Library/Frameworks/Cocoa.framework; sourceTree = SDKROOT; };
		997A6E542B6747B400A79CED /* IOKit.framework */ = {isa = PBXFileReference; lastKnownFileType = wrapper.framework; name = IOKit.framework; path = System/Library/Frameworks/IOKit.framework; sourceTree = SDKROOT; };
		997A6E562B6747BB00A79CED /* CoreAudio.framework */ = {isa = PBXFileReference; lastKnownFileType = wrapper.framework; name = CoreAudio.framework; path = System/Library/Frameworks/CoreAudio.framework; sourceTree = SDKROOT; };
		997A6E582B6747C100A79CED /* CoreVideo.framework */ = {isa = PBXFileReference; lastKnownFileType = wrapper.framework; name = CoreVideo.framework; path = System/Library/Frameworks/CoreVideo.framework; sourceTree = SDKROOT; };
/* End PBXFileReference section */

/* Begin PBXFrameworksBuildPhase section */
		2B359DCC6B4A293A1D6DAFA8 /* Frameworks */ = {
			isa = PBXFrameworksBuildPhase;
			buildActionMask = 2147483647;
			files = (
				997A6E592B6747C100A79CED /* CoreVideo.framework in Frameworks */,
				997A6E572B6747BB00A79CED /* CoreAudio.framework in Frameworks */,
				997A6E552B6747B400A79CED /* IOKit.framework in Frameworks */,
				997A6E532B6747AB00A79CED /* Cocoa.framework in Frameworks */,
				997A6E512B6747A300A79CED /* OpenGL.framework in Frameworks */,
				997A6E4F2B67476200A79CED /* libglfw3.a in Frameworks */,
				2B35969504C6A02CD7B2D0AF /* libmruby.a in Frameworks */,
				2B359C81C3D2AD7DD91E3F79 /* libraylib.a in Frameworks */,
			);
			runOnlyForDeploymentPostprocessing = 0;
		};
/* End PBXFrameworksBuildPhase section */

/* Begin PBXGroup section */
		2B359002E24A4C74DA0A8EA6 /* Products */ = {
			isa = PBXGroup;
			children = (
				2B359FB2E731F02EF00DC6CA /* rMRUBY */,
			);
			name = Products;
			sourceTree = "<group>";
		};
		2B3593551BA0EBA11B569823 = {
			isa = PBXGroup;
			children = (
				2B359002E24A4C74DA0A8EA6 /* Products */,
				2B3597FAF17D5F8664B336D1 /* rMRUBY */,
				2B359CAECB26A6B53550FB53 /* Frameworks */,
			);
			sourceTree = "<group>";
		};
		2B3597FAF17D5F8664B336D1 /* rMRUBY */ = {
			isa = PBXGroup;
			children = (
				2B359C5945698ACF9BFD8755 /* main.c */,
				2B359821C87FBF585EC4C0A0 /* src */,
			);
			path = rMRUBY;
			sourceTree = "<group>";
		};
		2B359821C87FBF585EC4C0A0 /* src */ = {
			isa = PBXGroup;
			children = (
				2B359C05981A840F31938B1D /* rMRuby.c */,
				2B359EB97A70001AB019E592 /* rMRuby.h */,
			);
			name = src;
			path = ../../../../src;
			sourceTree = "<group>";
		};
		2B359CAECB26A6B53550FB53 /* Frameworks */ = {
			isa = PBXGroup;
			children = (
				997A6E582B6747C100A79CED /* CoreVideo.framework */,
				997A6E562B6747BB00A79CED /* CoreAudio.framework */,
				997A6E542B6747B400A79CED /* IOKit.framework */,
				997A6E522B6747AB00A79CED /* Cocoa.framework */,
				997A6E502B6747A300A79CED /* OpenGL.framework */,
				997A6E4E2B67476200A79CED /* libglfw3.a */,
				2B35906B88E11BF2F5EED569 /* libmruby.a */,
				2B3598C64D76F4108A47EBA2 /* libraylib.a */,
			);
			name = Frameworks;
			sourceTree = "<group>";
		};
/* End PBXGroup section */

/* Begin PBXNativeTarget section */
		2B3590BDF0037FD504D8EBAB /* rMRUBY */ = {
			isa = PBXNativeTarget;
			buildConfigurationList = 2B3592E58E6395DD1E3F682F /* Build configuration list for PBXNativeTarget "rMRUBY" */;
			buildPhases = (
				2B3599D3C345CD9BFEE100E2 /* Sources */,
				2B359DCC6B4A293A1D6DAFA8 /* Frameworks */,
				2B359719E35779667FCE6A92 /* CopyFiles */,
			);
			buildRules = (
			);
			dependencies = (
			);
			name = rMRUBY;
			productName = rMRUBY;
			productReference = 2B359FB2E731F02EF00DC6CA /* rMRUBY */;
			productType = "com.apple.product-type.tool";
		};
/* End PBXNativeTarget section */

/* Begin PBXProject section */
		2B359DE94B28F7ED4EA7293E /* Project object */ = {
			isa = PBXProject;
			attributes = {
				ORGANIZATIONNAME = "___FULLUSERNAME___";
			};
			buildConfigurationList = 2B3596BD8BB749455F845C03 /* Build configuration list for PBXProject "rMRUBY" */;
			compatibilityVersion = "Xcode 3.2";
			developmentRegion = English;
			hasScannedForEncodings = 0;
			knownRegions = (
				English,
				en,
			);
			mainGroup = 2B3593551BA0EBA11B569823;
			productRefGroup = 2B359002E24A4C74DA0A8EA6 /* Products */;
			projectDirPath = "";
			projectRoot = "";
			targets = (
				2B3590BDF0037FD504D8EBAB /* rMRUBY */,
			);
		};
/* End PBXProject section */

/* Begin PBXSourcesBuildPhase section */
		2B3599D3C345CD9BFEE100E2 /* Sources */ = {
			isa = PBXSourcesBuildPhase;
			buildActionMask = 2147483647;
			files = (
				2B359AEA8FC9F27676E649A7 /* main.c in Sources */,
				2B3598AC4B0D85C40ECBC192 /* rMRuby.c in Sources */,
			);
			runOnlyForDeploymentPostprocessing = 0;
		};
/* End PBXSourcesBuildPhase section */

/* Begin XCBuildConfiguration section */
		2B359278E8C1C8995698EF28 /* Debug */ = {
			isa = XCBuildConfiguration;
			buildSettings = {
				FRAMEWORK_SEARCH_PATHS = (
					"\"${PROJECT_DIR}/../../../../raylib/src\"/**",
					/Users/Kanbaru/GitWorkspace/mruby/build/host/lib,
				);
				GCC_PREPROCESSOR_DEFINITIONS = (
					"DEBUG=1",
					"$(inherited)",
					MRB_NO_BOXING,
					MRB_USE_FLOAT32,
					MRB_UTF8_STRING,
				);
				LIBRARY_SEARCH_PATHS = (
					/Users/Kanbaru/GitWorkspace/raylib/src,
					/Users/Kanbaru/GitWorkspace/mruby/build/host/lib,
					/Users/Kanbaru/GitWorkspace/raylib/src/external/glfw/build/src,
					"\"${PROJECT_DIR}/\"/**",
					"\"${PROJECT_DIR}/\"/**",
				);
				PRODUCT_NAME = "$(TARGET_NAME)";
				STRINGS_FILE_OUTPUT_ENCODING = "UTF-8";
			};
			name = Debug;
		};
		2B359745ACBB9AC46D0D1A3F /* Debug */ = {
			isa = XCBuildConfiguration;
			buildSettings = {
				ALWAYS_SEARCH_USER_PATHS = NO;
				CLANG_ANALYZER_NONNULL = YES;
				CLANG_ANALYZER_NUMBER_OBJECT_CONVERSION = YES_AGGRESSIVE;
				CLANG_CXX_LANGUAGE_STANDARD = "gnu++14";
				CLANG_CXX_LIBRARY = "libc++";
				CLANG_ENABLE_MODULES = YES;
				CLANG_ENABLE_OBJC_ARC = YES;
				CLANG_ENABLE_OBJC_WEAK = YES;
				CLANG_WARN_BLOCK_CAPTURE_AUTORELEASING = YES;
				CLANG_WARN_BOOL_CONVERSION = YES;
				CLANG_WARN_COMMA = YES;
				CLANG_WARN_CONSTANT_CONVERSION = YES;
				CLANG_WARN_DEPRECATED_OBJC_IMPLEMENTATIONS = YES;
				CLANG_WARN_DIRECT_OBJC_ISA_USAGE = YES_ERROR;
				CLANG_WARN_DOCUMENTATION_COMMENTS = YES;
				CLANG_WARN_EMPTY_BODY = YES;
				CLANG_WARN_ENUM_CONVERSION = YES;
				CLANG_WARN_INFINITE_RECURSION = YES;
				CLANG_WARN_INT_CONVERSION = YES;
				CLANG_WARN_NON_LITERAL_NULL_CONVERSION = YES;
				CLANG_WARN_OBJC_IMPLICIT_RETAIN_SELF = YES;
				CLANG_WARN_OBJC_LITERAL_CONVERSION = YES;
				CLANG_WARN_OBJC_ROOT_CLASS = YES_ERROR;
				CLANG_WARN_RANGE_LOOP_ANALYSIS = YES;
				CLANG_WARN_STRICT_PROTOTYPES = YES;
				CLANG_WARN_SUSPICIOUS_MOVE = YES;
				CLANG_WARN_UNGUARDED_AVAILABILITY = YES_AGGRESSIVE;
				CLANG_WARN_UNREACHABLE_CODE = YES;
				CLANG_WARN__DUPLICATE_METHOD_MATCH = YES;
				COPY_PHASE_STRIP = NO;
				DEBUG_INFORMATION_FORMAT = dwarf;
				ENABLE_STRICT_OBJC_MSGSEND = YES;
				ENABLE_TESTABILITY = YES;
				GCC_C_LANGUAGE_STANDARD = gnu11;
				GCC_DYNAMIC_NO_PIC = NO;
				GCC_NO_COMMON_BLOCKS = YES;
				GCC_OPTIMIZATION_LEVEL = 0;
				GCC_PREPROCESSOR_DEFINITIONS = (
					"DEBUG=1",
					"$(inherited)",
				);
				GCC_WARN_64_TO_32_BIT_CONVERSION = YES;
				GCC_WARN_ABOUT_RETURN_TYPE = YES_ERROR;
				GCC_WARN_UNDECLARED_SELECTOR = YES;
				GCC_WARN_UNINITIALIZED_AUTOS = YES_AGGRESSIVE;
				GCC_WARN_UNUSED_FUNCTION = YES;
				GCC_WARN_UNUSED_VARIABLE = YES;
				HEADER_SEARCH_PATHS = (
					/Users/Kanbaru/GitWorkspace/raylib/src,
					/Users/Kanbaru/GitWorkspace/mruby/include,
					"/Users/Kanbaru/GitWorkspace/raylib-mruby/src",
				);
				LIBRARY_SEARCH_PATHS = (
					/Users/Kanbaru/GitWorkspace/raylib/src,
					"/Users/Kanbaru/GitWorkspace/mruby/build/host-debug/lib",
				);
				MACOSX_DEPLOYMENT_TARGET = 10.15;
				MTL_ENABLE_DEBUG_INFO = INCLUDE_SOURCE;
				MTL_FAST_MATH = YES;
				ONLY_ACTIVE_ARCH = YES;
				SDKROOT = macosx;
			};
			name = Debug;
		};
		2B35991F87B7FD51BA557E8A /* Release */ = {
			isa = XCBuildConfiguration;
			buildSettings = {
				FRAMEWORK_SEARCH_PATHS = (
					"\"${PROJECT_DIR}/../../../../raylib/src\"/**",
					/Users/Kanbaru/GitWorkspace/mruby/build/host/lib,
				);
				LIBRARY_SEARCH_PATHS = (
					/Users/Kanbaru/GitWorkspace/raylib/src,
					/Users/Kanbaru/GitWorkspace/mruby/build/host/lib,
					/Users/Kanbaru/GitWorkspace/raylib/src/external/glfw/build/src,
					"\"${PROJECT_DIR}/\"/**",
					"\"${PROJECT_DIR}/\"/**",
				);
				PRODUCT_NAME = "$(TARGET_NAME)";
				STRINGS_FILE_OUTPUT_ENCODING = "UTF-8";
			};
			name = Release;
		};
		2B3599AB4B1657E6227C2452 /* Release */ = {
			isa = XCBuildConfiguration;
			buildSettings = {
				ALWAYS_SEARCH_USER_PATHS = NO;
				CLANG_ANALYZER_NONNULL = YES;
				CLANG_ANALYZER_NUMBER_OBJECT_CONVERSION = YES_AGGRESSIVE;
				CLANG_CXX_LANGUAGE_STANDARD = "gnu++14";
				CLANG_CXX_LIBRARY = "libc++";
				CLANG_ENABLE_MODULES = YES;
				CLANG_ENABLE_OBJC_ARC = YES;
				CLANG_ENABLE_OBJC_WEAK = YES;
				CLANG_WARN_BLOCK_CAPTURE_AUTORELEASING = YES;
				CLANG_WARN_BOOL_CONVERSION = YES;
				CLANG_WARN_COMMA = YES;
				CLANG_WARN_CONSTANT_CONVERSION = YES;
				CLANG_WARN_DEPRECATED_OBJC_IMPLEMENTATIONS = YES;
				CLANG_WARN_DIRECT_OBJC_ISA_USAGE = YES_ERROR;
				CLANG_WARN_DOCUMENTATION_COMMENTS = YES;
				CLANG_WARN_EMPTY_BODY = YES;
				CLANG_WARN_ENUM_CONVERSION = YES;
				CLANG_WARN_INFINITE_RECURSION = YES;
				CLANG_WARN_INT_CONVERSION = YES;
				CLANG_WARN_NON_LITERAL_NULL_CONVERSION = YES;
				CLANG_WARN_OBJC_IMPLICIT_RETAIN_SELF = YES;
				CLANG_WARN_OBJC_LITERAL_CONVERSION = YES;
				CLANG_WARN_OBJC_ROOT_CLASS = YES_ERROR;
				CLANG_WARN_RANGE_LOOP_ANALYSIS = YES;
				CLANG_WARN_STRICT_PROTOTYPES = YES;
				CLANG_WARN_SUSPICIOUS_MOVE = YES;
				CLANG_WARN_UNGUARDED_AVAILABILITY = YES_AGGRESSIVE;
				CLANG_WARN_UNREACHABLE_CODE = YES;
				CLANG_WARN__DUPLICATE_METHOD_MATCH = YES;
				COPY_PHASE_STRIP = NO;
				DEBUG_INFORMATION_FORMAT = "dwarf-with-dsym";
				ENABLE_NS_ASSERTIONS = NO;
				ENABLE_STRICT_OBJC_MSGSEND = YES;
				GCC_C_LANGUAGE_STANDARD = gnu11;
				GCC_NO_COMMON_BLOCKS = YES;
				GCC_WARN_64_TO_32_BIT_CONVERSION = YES;
				GCC_WARN_ABOUT_RETURN_TYPE = YES_ERROR;
				GCC_WARN_UNDECLARED_SELECTOR = YES;
				GCC_WARN_UNINITIALIZED_AUTOS = YES_AGGRESSIVE;
				GCC_WARN_UNUSED_FUNCTION = YES;
				GCC_WARN_UNUSED_VARIABLE = YES;
				HEADER_SEARCH_PATHS = (
					/Users/Kanbaru/GitWorkspace/raylib/src,
					/Users/Kanbaru/GitWorkspace/mruby/include,
					"/Users/Kanbaru/GitWorkspace/raylib-mruby/src",
				);
				LIBRARY_SEARCH_PATHS = (
					/Users/Kanbaru/GitWorkspace/raylib/src,
					"/Users/Kanbaru/GitWorkspace/mruby/build/host-debug/lib",
				);
				MACOSX_DEPLOYMENT_TARGET = 10.15;
				MTL_ENABLE_DEBUG_INFO = NO;
				MTL_FAST_MATH = YES;
				SDKROOT = macosx;
			};
			name = Release;
		};
/* End XCBuildConfiguration section */

/* Begin XCConfigurationList section */
		2B3592E58E6395DD1E3F682F /* Build configuration list for PBXNativeTarget "rMRUBY" */ = {
			isa = XCConfigurationList;
			buildConfigurations = (
				2B359278E8C1C8995698EF28 /* Debug */,
				2B35991F87B7FD51BA557E8A /* Release */,
			);
			defaultConfigurationIsVisible = 0;
			defaultConfigurationName = Release;
		};
		2B3596BD8BB749455F845C03 /* Build configuration list for PBXProject "rMRUBY" */ = {
			isa = XCConfigurationList;
			buildConfigurations = (
				2B359745ACBB9AC46D0D1A3F /* Debug */,
				2B3599AB4B1657E6227C2452 /* Release */,
			);
			defaultConfigurationIsVisible = 0;
			defaultConfigurationName = Release;
		};
/* End XCConfigurationList section */
	};
	rootObject = 2B359DE94B28F7ED4EA7293E /* Project object */;
}
