// !$*UTF8*$!
{
	archiveVersion = 1;
	classes = {
	};
	objectVersion = 46;
	objects = {

/* Begin PBXBuildFile section */
		2B359098A8B437CD4BDF2384 /* module_audio_wrapper.c in Sources */ = {isa = PBXBuildFile; fileRef = 2B35944A3DECE0B57FC52175 /* module_audio_wrapper.c */; };
		2B35910F3BE48A31FD65EA7D /* wave_wrapper.c in Sources */ = {isa = PBXBuildFile; fileRef = 2B359481BC90E476E839F19F /* wave_wrapper.c */; };
		2B3595E6BC8AE15A7A20B42B /* glyphinfo_wrapper.c in Sources */ = {isa = PBXBuildFile; fileRef = 2B3592A8A494137D1F360739 /* glyphinfo_wrapper.c */; };
		2B35969504C6A02CD7B2D0AF /* libmruby.a in Frameworks */ = {isa = PBXBuildFile; fileRef = 2B35906B88E11BF2F5EED569 /* libmruby.a */; };
		2B3598AC4B0D85C40ECBC192 /* rMRuby.c in Sources */ = {isa = PBXBuildFile; fileRef = 2B359C05981A840F31938B1D /* rMRuby.c */; };
		2B3598E6AFF1A54B54539370 /* music_wrapper.c in Sources */ = {isa = PBXBuildFile; fileRef = 2B3594A49642202FF05954D5 /* music_wrapper.c */; };
		2B3599BEA65F7710FE2CC323 /* audiostream_wrapper.c in Sources */ = {isa = PBXBuildFile; fileRef = 2B359AA87D51C88F55965805 /* audiostream_wrapper.c */; };
		2B3599F7C25BE300FD396AB2 /* texture_wrapper.c in Sources */ = {isa = PBXBuildFile; fileRef = 2B3595724394D50038E3F048 /* texture_wrapper.c */; };
		2B359AEA8FC9F27676E649A7 /* main.c in Sources */ = {isa = PBXBuildFile; fileRef = 2B359C5945698ACF9BFD8755 /* main.c */; };
		2B359B4231958D8E6B34671A /* font_wrapper.c in Sources */ = {isa = PBXBuildFile; fileRef = 2B3596F1E7533567A79297A6 /* font_wrapper.c */; };
		2B359BD2688814738869CC32 /* module_texture_wrapper.c in Sources */ = {isa = PBXBuildFile; fileRef = 2B35965BEBC29938CBDBC3FF /* module_texture_wrapper.c */; };
		2B359BF0C6FB8C38EFB338E0 /* module_shapes_wrapper.c in Sources */ = {isa = PBXBuildFile; fileRef = 2B359B473D26F6756B3FE6CC /* module_shapes_wrapper.c */; };
		2B359C3788D5FEC6E1E5E73A /* module_models_wrapper.c in Sources */ = {isa = PBXBuildFile; fileRef = 2B3593ECBFD6621C5B0AFE70 /* module_models_wrapper.c */; };
		2B359C81C3D2AD7DD91E3F79 /* libraylib.a in Frameworks */ = {isa = PBXBuildFile; fileRef = 2B3598C64D76F4108A47EBA2 /* libraylib.a */; };
		2B359CE96753629AE699A372 /* module_shaders_wrapper.c in Sources */ = {isa = PBXBuildFile; fileRef = 2B359665DCFDFB0B93841F16 /* module_shaders_wrapper.c */; };
		2B359D12E4B0B2996591BE1B /* core_wrapper.c in Sources */ = {isa = PBXBuildFile; fileRef = 2B359C6D70A0998FDEFEEBF7 /* core_wrapper.c */; };
		2B359E196B0428132441096F /* image_wrapper.c in Sources */ = {isa = PBXBuildFile; fileRef = 2B3597C070E3C13CDFC1F067 /* image_wrapper.c */; };
		2B359E28E5B0E570E0EB65D6 /* module_text_wrapper.c in Sources */ = {isa = PBXBuildFile; fileRef = 2B359023625A20C6C4C255E9 /* module_text_wrapper.c */; };
		2B359E92BBA1869D864E44FD /* shader_wrapper.c in Sources */ = {isa = PBXBuildFile; fileRef = 2B359AB492ECFCD5EE607C33 /* shader_wrapper.c */; };
		2B359F29559A094765925C09 /* sound_wrapper.c in Sources */ = {isa = PBXBuildFile; fileRef = 2B35999BEED2492313B5D7C5 /* sound_wrapper.c */; };
		2B359F6A61BF9DE3525A30DE /* render_texture_wrapper.c in Sources */ = {isa = PBXBuildFile; fileRef = 2B3590E5E368ADB2A5716DD9 /* render_texture_wrapper.c */; };
/* End PBXBuildFile section */

/* Begin PBXCopyFilesBuildPhase section */
		2B359719E35779667FCE6A92 /* CopyFiles */ = {
			isa = PBXCopyFilesBuildPhase;
			buildActionMask = 2147483647;
			dstPath = /usr/share/man/man1/;
			dstSubfolderSpec = 0;
			files = (
			);
			runOnlyForDeploymentPostprocessing = 1;
		};
/* End PBXCopyFilesBuildPhase section */

/* Begin PBXFileReference section */
		2B359023625A20C6C4C255E9 /* module_text_wrapper.c */ = {isa = PBXFileReference; fileEncoding = 4; lastKnownFileType = sourcecode.c.c; path = module_text_wrapper.c; sourceTree = "<group>"; };
		2B35906B88E11BF2F5EED569 /* libmruby.a */ = {isa = PBXFileReference; lastKnownFileType = archive.ar; name = libmruby.a; path = "/Users/Kanbaru/GitWorkspace/mruby/build/host-debug/lib/libmruby.a"; sourceTree = "<absolute>"; };
		2B3590E5E368ADB2A5716DD9 /* render_texture_wrapper.c */ = {isa = PBXFileReference; fileEncoding = 4; lastKnownFileType = sourcecode.c.c; path = render_texture_wrapper.c; sourceTree = "<group>"; };
		2B3591A052FC513AC293EA39 /* sound_wrapper.h */ = {isa = PBXFileReference; fileEncoding = 4; lastKnownFileType = sourcecode.c.h; path = sound_wrapper.h; sourceTree = "<group>"; };
		2B359263339E80813D07F3B4 /* module_shapes_wrapper.h */ = {isa = PBXFileReference; fileEncoding = 4; lastKnownFileType = sourcecode.c.h; path = module_shapes_wrapper.h; sourceTree = "<group>"; };
		2B3592A8A494137D1F360739 /* glyphinfo_wrapper.c */ = {isa = PBXFileReference; fileEncoding = 4; lastKnownFileType = sourcecode.c.c; path = glyphinfo_wrapper.c; sourceTree = "<group>"; };
		2B3593ECBFD6621C5B0AFE70 /* module_models_wrapper.c */ = {isa = PBXFileReference; fileEncoding = 4; lastKnownFileType = sourcecode.c.c; path = module_models_wrapper.c; sourceTree = "<group>"; };
		2B35943C155298C04EE86673 /* render_texture_wrapper.h */ = {isa = PBXFileReference; fileEncoding = 4; lastKnownFileType = sourcecode.c.h; path = render_texture_wrapper.h; sourceTree = "<group>"; };
		2B35944A3DECE0B57FC52175 /* module_audio_wrapper.c */ = {isa = PBXFileReference; fileEncoding = 4; lastKnownFileType = sourcecode.c.c; path = module_audio_wrapper.c; sourceTree = "<group>"; };
		2B359481BC90E476E839F19F /* wave_wrapper.c */ = {isa = PBXFileReference; fileEncoding = 4; lastKnownFileType = sourcecode.c.c; path = wave_wrapper.c; sourceTree = "<group>"; };
		2B3594A49642202FF05954D5 /* music_wrapper.c */ = {isa = PBXFileReference; fileEncoding = 4; lastKnownFileType = sourcecode.c.c; path = music_wrapper.c; sourceTree = "<group>"; };
		2B3595724394D50038E3F048 /* texture_wrapper.c */ = {isa = PBXFileReference; fileEncoding = 4; lastKnownFileType = sourcecode.c.c; path = texture_wrapper.c; sourceTree = "<group>"; };
		2B3595DAE4083E6F198F0B61 /* audiostream_wrapper.h */ = {isa = PBXFileReference; fileEncoding = 4; lastKnownFileType = sourcecode.c.h; path = audiostream_wrapper.h; sourceTree = "<group>"; };
		2B35965BEBC29938CBDBC3FF /* module_texture_wrapper.c */ = {isa = PBXFileReference; fileEncoding = 4; lastKnownFileType = sourcecode.c.c; path = module_texture_wrapper.c; sourceTree = "<group>"; };
		2B359665DCFDFB0B93841F16 /* module_shaders_wrapper.c */ = {isa = PBXFileReference; fileEncoding = 4; lastKnownFileType = sourcecode.c.c; path = module_shaders_wrapper.c; sourceTree = "<group>"; };
		2B3596AF710723093C2F7A84 /* font_wrapper.h */ = {isa = PBXFileReference; fileEncoding = 4; lastKnownFileType = sourcecode.c.h; path = font_wrapper.h; sourceTree = "<group>"; };
		2B3596F1E7533567A79297A6 /* font_wrapper.c */ = {isa = PBXFileReference; fileEncoding = 4; lastKnownFileType = sourcecode.c.c; path = font_wrapper.c; sourceTree = "<group>"; };
		2B359757E7AD63776BBE835B /* module_shaders_wrapper.h */ = {isa = PBXFileReference; fileEncoding = 4; lastKnownFileType = sourcecode.c.h; path = module_shaders_wrapper.h; sourceTree = "<group>"; };
		2B3597954565E609131048E8 /* music_wrapper.h */ = {isa = PBXFileReference; fileEncoding = 4; lastKnownFileType = sourcecode.c.h; path = music_wrapper.h; sourceTree = "<group>"; };
		2B3597C070E3C13CDFC1F067 /* image_wrapper.c */ = {isa = PBXFileReference; fileEncoding = 4; lastKnownFileType = sourcecode.c.c; path = image_wrapper.c; sourceTree = "<group>"; };
		2B3598C64D76F4108A47EBA2 /* libraylib.a */ = {isa = PBXFileReference; lastKnownFileType = archive.ar; name = libraylib.a; path = /Users/Kanbaru/GitWorkspace/raylib/src/libraylib.a; sourceTree = "<absolute>"; };
		2B3598DC9210181771F3E78D /* module_text_wrapper.h */ = {isa = PBXFileReference; fileEncoding = 4; lastKnownFileType = sourcecode.c.h; path = module_text_wrapper.h; sourceTree = "<group>"; };
		2B3598EE17422E8E84E340DB /* core_wrapper.h */ = {isa = PBXFileReference; fileEncoding = 4; lastKnownFileType = sourcecode.c.h; path = core_wrapper.h; sourceTree = "<group>"; };
		2B35995D5BED3976232E1FA1 /* module_models_wrapper.h */ = {isa = PBXFileReference; fileEncoding = 4; lastKnownFileType = sourcecode.c.h; path = module_models_wrapper.h; sourceTree = "<group>"; };
		2B35999BEED2492313B5D7C5 /* sound_wrapper.c */ = {isa = PBXFileReference; fileEncoding = 4; lastKnownFileType = sourcecode.c.c; path = sound_wrapper.c; sourceTree = "<group>"; };
		2B3599F754BB083A45AC5BC1 /* glyphinfo_wrapper.h */ = {isa = PBXFileReference; fileEncoding = 4; lastKnownFileType = sourcecode.c.h; path = glyphinfo_wrapper.h; sourceTree = "<group>"; };
		2B359AA87D51C88F55965805 /* audiostream_wrapper.c */ = {isa = PBXFileReference; fileEncoding = 4; lastKnownFileType = sourcecode.c.c; path = audiostream_wrapper.c; sourceTree = "<group>"; };
		2B359AB492ECFCD5EE607C33 /* shader_wrapper.c */ = {isa = PBXFileReference; fileEncoding = 4; lastKnownFileType = sourcecode.c.c; path = shader_wrapper.c; sourceTree = "<group>"; };
		2B359B473D26F6756B3FE6CC /* module_shapes_wrapper.c */ = {isa = PBXFileReference; fileEncoding = 4; lastKnownFileType = sourcecode.c.c; path = module_shapes_wrapper.c; sourceTree = "<group>"; };
		2B359BC2856AB7A51A1FBACF /* module_audio_wrapper.h */ = {isa = PBXFileReference; fileEncoding = 4; lastKnownFileType = sourcecode.c.h; path = module_audio_wrapper.h; sourceTree = "<group>"; };
		2B359BD3E06D2DB89CE45445 /* image_wrapper.h */ = {isa = PBXFileReference; fileEncoding = 4; lastKnownFileType = sourcecode.c.h; path = image_wrapper.h; sourceTree = "<group>"; };
		2B359C0343E4055DBB80E39E /* module_texture_wrapper.h */ = {isa = PBXFileReference; fileEncoding = 4; lastKnownFileType = sourcecode.c.h; path = module_texture_wrapper.h; sourceTree = "<group>"; };
		2B359C05981A840F31938B1D /* rMRuby.c */ = {isa = PBXFileReference; fileEncoding = 4; lastKnownFileType = sourcecode.c.c; path = rMRuby.c; sourceTree = "<group>"; };
		2B359C2598A5509328E12BDA /* texture_wrapper.h */ = {isa = PBXFileReference; fileEncoding = 4; lastKnownFileType = sourcecode.c.h; path = texture_wrapper.h; sourceTree = "<group>"; };
		2B359C4ADBFF3CB721A26D49 /* wave_wrapper.h */ = {isa = PBXFileReference; fileEncoding = 4; lastKnownFileType = sourcecode.c.h; path = wave_wrapper.h; sourceTree = "<group>"; };
		2B359C5945698ACF9BFD8755 /* main.c */ = {isa = PBXFileReference; lastKnownFileType = sourcecode.c.c; path = main.c; sourceTree = "<group>"; };
		2B359C6D70A0998FDEFEEBF7 /* core_wrapper.c */ = {isa = PBXFileReference; fileEncoding = 4; lastKnownFileType = sourcecode.c.c; path = core_wrapper.c; sourceTree = "<group>"; };
		2B359D622AF7CB937B57A4F4 /* shader_wrapper.h */ = {isa = PBXFileReference; fileEncoding = 4; lastKnownFileType = sourcecode.c.h; path = shader_wrapper.h; sourceTree = "<group>"; };
		2B359EB97A70001AB019E592 /* rMRuby.h */ = {isa = PBXFileReference; fileEncoding = 4; lastKnownFileType = sourcecode.c.h; path = rMRuby.h; sourceTree = "<group>"; };
		2B359FB2E731F02EF00DC6CA /* rMRUBY */ = {isa = PBXFileReference; explicitFileType = "compiled.mach-o.executable"; includeInIndex = 0; path = rMRUBY; sourceTree = BUILT_PRODUCTS_DIR; };
/* End PBXFileReference section */

/* Begin PBXFrameworksBuildPhase section */
		2B359DCC6B4A293A1D6DAFA8 /* Frameworks */ = {
			isa = PBXFrameworksBuildPhase;
			buildActionMask = 2147483647;
			files = (
				2B35969504C6A02CD7B2D0AF /* libmruby.a in Frameworks */,
				2B359C81C3D2AD7DD91E3F79 /* libraylib.a in Frameworks */,
			);
			runOnlyForDeploymentPostprocessing = 0;
		};
/* End PBXFrameworksBuildPhase section */

/* Begin PBXGroup section */
		2B359002E24A4C74DA0A8EA6 /* Products */ = {
			isa = PBXGroup;
			children = (
				2B359FB2E731F02EF00DC6CA /* rMRUBY */,
			);
			name = Products;
			sourceTree = "<group>";
		};
		2B3593551BA0EBA11B569823 = {
			isa = PBXGroup;
			children = (
				2B359002E24A4C74DA0A8EA6 /* Products */,
				2B3597FAF17D5F8664B336D1 /* rMRUBY */,
				2B359CAECB26A6B53550FB53 /* Frameworks */,
			);
			sourceTree = "<group>";
		};
		2B3597FAF17D5F8664B336D1 /* rMRUBY */ = {
			isa = PBXGroup;
			children = (
				2B359C5945698ACF9BFD8755 /* main.c */,
				2B359821C87FBF585EC4C0A0 /* src */,
			);
			path = rMRUBY;
			sourceTree = "<group>";
		};
		2B359821C87FBF585EC4C0A0 /* src */ = {
			isa = PBXGroup;
			children = (
				2B359C05981A840F31938B1D /* rMRuby.c */,
				2B359EB97A70001AB019E592 /* rMRuby.h */,
				2B359C6D70A0998FDEFEEBF7 /* core_wrapper.c */,
				2B3598EE17422E8E84E340DB /* core_wrapper.h */,
				2B3596F1E7533567A79297A6 /* font_wrapper.c */,
				2B3596AF710723093C2F7A84 /* font_wrapper.h */,
				2B359481BC90E476E839F19F /* wave_wrapper.c */,
				2B359C4ADBFF3CB721A26D49 /* wave_wrapper.h */,
				2B3597C070E3C13CDFC1F067 /* image_wrapper.c */,
				2B359BD3E06D2DB89CE45445 /* image_wrapper.h */,
				2B3594A49642202FF05954D5 /* music_wrapper.c */,
				2B3597954565E609131048E8 /* music_wrapper.h */,
				2B35999BEED2492313B5D7C5 /* sound_wrapper.c */,
				2B3591A052FC513AC293EA39 /* sound_wrapper.h */,
				2B359AB492ECFCD5EE607C33 /* shader_wrapper.c */,
				2B359D622AF7CB937B57A4F4 /* shader_wrapper.h */,
				2B3595724394D50038E3F048 /* texture_wrapper.c */,
				2B359C2598A5509328E12BDA /* texture_wrapper.h */,
				2B3592A8A494137D1F360739 /* glyphinfo_wrapper.c */,
				2B3599F754BB083A45AC5BC1 /* glyphinfo_wrapper.h */,
				2B359AA87D51C88F55965805 /* audiostream_wrapper.c */,
				2B3595DAE4083E6F198F0B61 /* audiostream_wrapper.h */,
				2B359023625A20C6C4C255E9 /* module_text_wrapper.c */,
				2B3598DC9210181771F3E78D /* module_text_wrapper.h */,
				2B35944A3DECE0B57FC52175 /* module_audio_wrapper.c */,
				2B359BC2856AB7A51A1FBACF /* module_audio_wrapper.h */,
				2B3593ECBFD6621C5B0AFE70 /* module_models_wrapper.c */,
				2B35995D5BED3976232E1FA1 /* module_models_wrapper.h */,
				2B359B473D26F6756B3FE6CC /* module_shapes_wrapper.c */,
				2B359263339E80813D07F3B4 /* module_shapes_wrapper.h */,
				2B359665DCFDFB0B93841F16 /* module_shaders_wrapper.c */,
				2B359757E7AD63776BBE835B /* module_shaders_wrapper.h */,
				2B35965BEBC29938CBDBC3FF /* module_texture_wrapper.c */,
				2B359C0343E4055DBB80E39E /* module_texture_wrapper.h */,
				2B3590E5E368ADB2A5716DD9 /* render_texture_wrapper.c */,
				2B35943C155298C04EE86673 /* render_texture_wrapper.h */,
			);
			name = src;
			path = ../../../../src;
			sourceTree = "<group>";
		};
		2B359CAECB26A6B53550FB53 /* Frameworks */ = {
			isa = PBXGroup;
			children = (
				2B35906B88E11BF2F5EED569 /* libmruby.a */,
				2B3598C64D76F4108A47EBA2 /* libraylib.a */,
			);
			name = Frameworks;
			sourceTree = "<group>";
		};
/* End PBXGroup section */

/* Begin PBXNativeTarget section */
		2B3590BDF0037FD504D8EBAB /* rMRUBY */ = {
			isa = PBXNativeTarget;
			buildConfigurationList = 2B3592E58E6395DD1E3F682F /* Build configuration list for PBXNativeTarget "rMRUBY" */;
			buildPhases = (
				2B3599D3C345CD9BFEE100E2 /* Sources */,
				2B359DCC6B4A293A1D6DAFA8 /* Frameworks */,
				2B359719E35779667FCE6A92 /* CopyFiles */,
			);
			buildRules = (
			);
			dependencies = (
			);
			name = rMRUBY;
			productName = rMRUBY;
			productReference = 2B359FB2E731F02EF00DC6CA /* rMRUBY */;
			productType = "com.apple.product-type.tool";
		};
/* End PBXNativeTarget section */

/* Begin PBXProject section */
		2B359DE94B28F7ED4EA7293E /* Project object */ = {
			isa = PBXProject;
			attributes = {
				ORGANIZATIONNAME = "___FULLUSERNAME___";
			};
			buildConfigurationList = 2B3596BD8BB749455F845C03 /* Build configuration list for PBXProject "rMRUBY" */;
			compatibilityVersion = "Xcode 3.2";
			developmentRegion = English;
			hasScannedForEncodings = 0;
			knownRegions = (
				en,
			);
			mainGroup = 2B3593551BA0EBA11B569823;
			productRefGroup = 2B359002E24A4C74DA0A8EA6 /* Products */;
			projectDirPath = "";
			projectRoot = "";
			targets = (
				2B3590BDF0037FD504D8EBAB /* rMRUBY */,
			);
		};
/* End PBXProject section */

/* Begin PBXSourcesBuildPhase section */
		2B3599D3C345CD9BFEE100E2 /* Sources */ = {
			isa = PBXSourcesBuildPhase;
			buildActionMask = 2147483647;
			files = (
				2B359AEA8FC9F27676E649A7 /* main.c in Sources */,
				2B3598AC4B0D85C40ECBC192 /* rMRuby.c in Sources */,
				2B359D12E4B0B2996591BE1B /* core_wrapper.c in Sources */,
				2B359B4231958D8E6B34671A /* font_wrapper.c in Sources */,
				2B35910F3BE48A31FD65EA7D /* wave_wrapper.c in Sources */,
				2B359E196B0428132441096F /* image_wrapper.c in Sources */,
				2B3598E6AFF1A54B54539370 /* music_wrapper.c in Sources */,
				2B359F29559A094765925C09 /* sound_wrapper.c in Sources */,
				2B359E92BBA1869D864E44FD /* shader_wrapper.c in Sources */,
				2B3599F7C25BE300FD396AB2 /* texture_wrapper.c in Sources */,
				2B3595E6BC8AE15A7A20B42B /* glyphinfo_wrapper.c in Sources */,
				2B3599BEA65F7710FE2CC323 /* audiostream_wrapper.c in Sources */,
				2B359E28E5B0E570E0EB65D6 /* module_text_wrapper.c in Sources */,
				2B359098A8B437CD4BDF2384 /* module_audio_wrapper.c in Sources */,
				2B359C3788D5FEC6E1E5E73A /* module_models_wrapper.c in Sources */,
				2B359BF0C6FB8C38EFB338E0 /* module_shapes_wrapper.c in Sources */,
				2B359CE96753629AE699A372 /* module_shaders_wrapper.c in Sources */,
				2B359BD2688814738869CC32 /* module_texture_wrapper.c in Sources */,
				2B359F6A61BF9DE3525A30DE /* render_texture_wrapper.c in Sources */,
			);
			runOnlyForDeploymentPostprocessing = 0;
		};
/* End PBXSourcesBuildPhase section */

/* Begin XCBuildConfiguration section */
		2B359278E8C1C8995698EF28 /* Debug */ = {
			isa = XCBuildConfiguration;
			buildSettings = {
				FRAMEWORK_SEARCH_PATHS = (
					"\"${PROJECT_DIR}/../../../../raylib/src\"/**",
					"\"${PROJECT_DIR}/../../../../mruby/build/host-debug/lib\"/**",
					"\"${PROJECT_DIR}/../../../../raylib/src\"/**",
					"\"${PROJECT_DIR}/../../../../mruby/build/host-debug/lib\"/**",
					"\"${PROJECT_DIR}/../../../../raylib/src\"/**",
				);
				LIBRARY_SEARCH_PATHS = (
					/Users/Kanbaru/GitWorkspace/raylib/src,
					"/Users/Kanbaru/GitWorkspace/mruby/build/host-debug/lib",
					"\"${PROJECT_DIR}/\"/**",
					"\"${PROJECT_DIR}/\"/**",
				);
				PRODUCT_NAME = "$(TARGET_NAME)";
				STRINGS_FILE_OUTPUT_ENCODING = "UTF-8";
			};
			name = Debug;
		};
		2B359745ACBB9AC46D0D1A3F /* Debug */ = {
			isa = XCBuildConfiguration;
			buildSettings = {
				ALWAYS_SEARCH_USER_PATHS = NO;
				CLANG_ANALYZER_NONNULL = YES;
				CLANG_ANALYZER_NUMBER_OBJECT_CONVERSION = YES_AGGRESSIVE;
				CLANG_CXX_LANGUAGE_STANDARD = "gnu++14";
				CLANG_CXX_LIBRARY = "libc++";
				CLANG_ENABLE_MODULES = YES;
				CLANG_ENABLE_OBJC_ARC = YES;
				CLANG_ENABLE_OBJC_WEAK = YES;
				CLANG_WARN_BLOCK_CAPTURE_AUTORELEASING = YES;
				CLANG_WARN_BOOL_CONVERSION = YES;
				CLANG_WARN_COMMA = YES;
				CLANG_WARN_CONSTANT_CONVERSION = YES;
				CLANG_WARN_DEPRECATED_OBJC_IMPLEMENTATIONS = YES;
				CLANG_WARN_DIRECT_OBJC_ISA_USAGE = YES_ERROR;
				CLANG_WARN_DOCUMENTATION_COMMENTS = YES;
				CLANG_WARN_EMPTY_BODY = YES;
				CLANG_WARN_ENUM_CONVERSION = YES;
				CLANG_WARN_INFINITE_RECURSION = YES;
				CLANG_WARN_INT_CONVERSION = YES;
				CLANG_WARN_NON_LITERAL_NULL_CONVERSION = YES;
				CLANG_WARN_OBJC_IMPLICIT_RETAIN_SELF = YES;
				CLANG_WARN_OBJC_LITERAL_CONVERSION = YES;
				CLANG_WARN_OBJC_ROOT_CLASS = YES_ERROR;
				CLANG_WARN_RANGE_LOOP_ANALYSIS = YES;
				CLANG_WARN_STRICT_PROTOTYPES = YES;
				CLANG_WARN_SUSPICIOUS_MOVE = YES;
				CLANG_WARN_UNGUARDED_AVAILABILITY = YES_AGGRESSIVE;
				CLANG_WARN_UNREACHABLE_CODE = YES;
				CLANG_WARN__DUPLICATE_METHOD_MATCH = YES;
				COPY_PHASE_STRIP = NO;
				DEBUG_INFORMATION_FORMAT = dwarf;
				ENABLE_STRICT_OBJC_MSGSEND = YES;
				ENABLE_TESTABILITY = YES;
				GCC_C_LANGUAGE_STANDARD = gnu11;
				GCC_DYNAMIC_NO_PIC = NO;
				GCC_NO_COMMON_BLOCKS = YES;
				GCC_OPTIMIZATION_LEVEL = 0;
				GCC_PREPROCESSOR_DEFINITIONS = (
					"DEBUG=1",
					"$(inherited)",
				);
				GCC_WARN_64_TO_32_BIT_CONVERSION = YES;
				GCC_WARN_ABOUT_RETURN_TYPE = YES_ERROR;
				GCC_WARN_UNDECLARED_SELECTOR = YES;
				GCC_WARN_UNINITIALIZED_AUTOS = YES_AGGRESSIVE;
				GCC_WARN_UNUSED_FUNCTION = YES;
				GCC_WARN_UNUSED_VARIABLE = YES;
				HEADER_SEARCH_PATHS = (
					/Users/Kanbaru/GitWorkspace/raylib/src,
					/Users/Kanbaru/GitWorkspace/mruby/include,
					"/Users/Kanbaru/GitWorkspace/raylib-mruby/src",
				);
				LIBRARY_SEARCH_PATHS = (
					/Users/Kanbaru/GitWorkspace/raylib/src,
					"/Users/Kanbaru/GitWorkspace/mruby/build/host-debug/lib",
				);
				MACOSX_DEPLOYMENT_TARGET = 10.15;
				MTL_ENABLE_DEBUG_INFO = INCLUDE_SOURCE;
				MTL_FAST_MATH = YES;
				ONLY_ACTIVE_ARCH = YES;
				SDKROOT = macosx;
			};
			name = Debug;
		};
		2B35991F87B7FD51BA557E8A /* Release */ = {
			isa = XCBuildConfiguration;
			buildSettings = {
				FRAMEWORK_SEARCH_PATHS = (
					"\"${PROJECT_DIR}/../../../../raylib/src\"/**",
					"\"${PROJECT_DIR}/../../../../mruby/build/host-debug/lib\"/**",
					"\"${PROJECT_DIR}/../../../../raylib/src\"/**",
					"\"${PROJECT_DIR}/../../../../mruby/build/host-debug/lib\"/**",
					"\"${PROJECT_DIR}/../../../../raylib/src\"/**",
				);
				LIBRARY_SEARCH_PATHS = (
					/Users/Kanbaru/GitWorkspace/raylib/src,
					"/Users/Kanbaru/GitWorkspace/mruby/build/host-debug/lib",
					"\"${PROJECT_DIR}/\"/**",
					"\"${PROJECT_DIR}/\"/**",
				);
				PRODUCT_NAME = "$(TARGET_NAME)";
				STRINGS_FILE_OUTPUT_ENCODING = "UTF-8";
			};
			name = Release;
		};
		2B3599AB4B1657E6227C2452 /* Release */ = {
			isa = XCBuildConfiguration;
			buildSettings = {
				ALWAYS_SEARCH_USER_PATHS = NO;
				CLANG_ANALYZER_NONNULL = YES;
				CLANG_ANALYZER_NUMBER_OBJECT_CONVERSION = YES_AGGRESSIVE;
				CLANG_CXX_LANGUAGE_STANDARD = "gnu++14";
				CLANG_CXX_LIBRARY = "libc++";
				CLANG_ENABLE_MODULES = YES;
				CLANG_ENABLE_OBJC_ARC = YES;
				CLANG_ENABLE_OBJC_WEAK = YES;
				CLANG_WARN_BLOCK_CAPTURE_AUTORELEASING = YES;
				CLANG_WARN_BOOL_CONVERSION = YES;
				CLANG_WARN_COMMA = YES;
				CLANG_WARN_CONSTANT_CONVERSION = YES;
				CLANG_WARN_DEPRECATED_OBJC_IMPLEMENTATIONS = YES;
				CLANG_WARN_DIRECT_OBJC_ISA_USAGE = YES_ERROR;
				CLANG_WARN_DOCUMENTATION_COMMENTS = YES;
				CLANG_WARN_EMPTY_BODY = YES;
				CLANG_WARN_ENUM_CONVERSION = YES;
				CLANG_WARN_INFINITE_RECURSION = YES;
				CLANG_WARN_INT_CONVERSION = YES;
				CLANG_WARN_NON_LITERAL_NULL_CONVERSION = YES;
				CLANG_WARN_OBJC_IMPLICIT_RETAIN_SELF = YES;
				CLANG_WARN_OBJC_LITERAL_CONVERSION = YES;
				CLANG_WARN_OBJC_ROOT_CLASS = YES_ERROR;
				CLANG_WARN_RANGE_LOOP_ANALYSIS = YES;
				CLANG_WARN_STRICT_PROTOTYPES = YES;
				CLANG_WARN_SUSPICIOUS_MOVE = YES;
				CLANG_WARN_UNGUARDED_AVAILABILITY = YES_AGGRESSIVE;
				CLANG_WARN_UNREACHABLE_CODE = YES;
				CLANG_WARN__DUPLICATE_METHOD_MATCH = YES;
				COPY_PHASE_STRIP = NO;
				DEBUG_INFORMATION_FORMAT = "dwarf-with-dsym";
				ENABLE_NS_ASSERTIONS = NO;
				ENABLE_STRICT_OBJC_MSGSEND = YES;
				GCC_C_LANGUAGE_STANDARD = gnu11;
				GCC_NO_COMMON_BLOCKS = YES;
				GCC_WARN_64_TO_32_BIT_CONVERSION = YES;
				GCC_WARN_ABOUT_RETURN_TYPE = YES_ERROR;
				GCC_WARN_UNDECLARED_SELECTOR = YES;
				GCC_WARN_UNINITIALIZED_AUTOS = YES_AGGRESSIVE;
				GCC_WARN_UNUSED_FUNCTION = YES;
				GCC_WARN_UNUSED_VARIABLE = YES;
				HEADER_SEARCH_PATHS = (
					/Users/Kanbaru/GitWorkspace/raylib/src,
					/Users/Kanbaru/GitWorkspace/mruby/include,
					"/Users/Kanbaru/GitWorkspace/raylib-mruby/src",
				);
				LIBRARY_SEARCH_PATHS = (
					/Users/Kanbaru/GitWorkspace/raylib/src,
					"/Users/Kanbaru/GitWorkspace/mruby/build/host-debug/lib",
				);
				MACOSX_DEPLOYMENT_TARGET = 10.15;
				MTL_ENABLE_DEBUG_INFO = NO;
				MTL_FAST_MATH = YES;
				SDKROOT = macosx;
			};
			name = Release;
		};
/* End XCBuildConfiguration section */

/* Begin XCConfigurationList section */
		2B3592E58E6395DD1E3F682F /* Build configuration list for PBXNativeTarget "rMRUBY" */ = {
			isa = XCConfigurationList;
			buildConfigurations = (
				2B359278E8C1C8995698EF28 /* Debug */,
				2B35991F87B7FD51BA557E8A /* Release */,
			);
			defaultConfigurationIsVisible = 0;
		};
		2B3596BD8BB749455F845C03 /* Build configuration list for PBXProject "rMRUBY" */ = {
			isa = XCConfigurationList;
			buildConfigurations = (
				2B359745ACBB9AC46D0D1A3F /* Debug */,
				2B3599AB4B1657E6227C2452 /* Release */,
			);
			defaultConfigurationIsVisible = 0;
			defaultConfigurationName = Release;
		};
/* End XCConfigurationList section */
	};
	rootObject = 2B359DE94B28F7ED4EA7293E /* Project object */;
}
